
Microsoft Visual Studio Solution File, Format Version 11.00
# Visual Studio 2010
Project("{FAE04EC0-301F-11D3-BF4B-00C04F79EFBC}") = "UnityEngine.TestRunner", "UnityEngine.TestRunner.csproj", "{dc735783-5927-75df-9778-cfa75fd53633}"
EndProject
Project("{FAE04EC0-301F-11D3-BF4B-00C04F79EFBC}") = "Unity.Timeline", "Unity.Timeline.csproj", "{6b6c7766-926f-7cea-74a6-f9dccfc94f72}"
EndProject
Project("{FAE04EC0-301F-11D3-BF4B-00C04F79EFBC}") = "UnityEngine.UI", "UnityEngine.UI.csproj", "{67abcce7-d39d-cc5d-2636-b07160763194}"
EndProject
Project("{FAE04EC0-301F-11D3-BF4B-00C04F79EFBC}") = "Unity.TextMeshPro", "Unity.TextMeshPro.csproj", "{2f3e8d42-daa6-18c4-975c-3b46a3dc28c1}"
EndProject
Project("{FAE04EC0-301F-11D3-BF4B-00C04F79EFBC}") = "Assembly-CSharp", "Assembly-CSharp.csproj", "{175cc35d-eaf7-b4db-ca9b-03bea9ef3193}"
EndProject
Project("{FAE04EC0-301F-11D3-BF4B-00C04F79EFBC}") = "Assembly-CSharp-firstpass", "Assembly-CSharp-firstpass.csproj", "{9fcc455c-faf5-9c8f-6a4b-a8007a1c466e}"
EndProject
Project("{FAE04EC0-301F-11D3-BF4B-00C04F79EFBC}") = "UnityEditor.TestRunner", "UnityEditor.TestRunner.csproj", "{b7dde20b-354a-ec39-9d0e-775ddb37615a}"
EndProject
Project("{FAE04EC0-301F-11D3-BF4B-00C04F79EFBC}") = "Unity.PlasticSCM.Editor", "Unity.PlasticSCM.Editor.csproj", "{3302cf8e-202a-a6f6-a6c3-adb35424e9a2}"
EndProject
Project("{FAE04EC0-301F-11D3-BF4B-00C04F79EFBC}") = "UnityEditor.UI", "UnityEditor.UI.csproj", "{c506558c-1187-986f-45dc-9ba0e13de5d4}"
EndProject
Project("{FAE04EC0-301F-11D3-BF4B-00C04F79EFBC}") = "Unity.Services.Core.Editor", "Unity.Services.Core.Editor.csproj", "{7c316e5e-5371-4abe-78e8-d3d9d56cd1bb}"
EndProject
Project("{FAE04EC0-301F-11D3-BF4B-00C04F79EFBC}") = "Unity.Timeline.Editor", "Unity.Timeline.Editor.csproj", "{d358caad-f4de-3c59-c073-437cb5b9157a}"
EndProject
Project("{FAE04EC0-301F-11D3-BF4B-00C04F79EFBC}") = "Unity.VisualStudio.Editor", "Unity.VisualStudio.Editor.csproj", "{588a84ba-1e98-85b0-87cd-3c7215313b90}"
EndProject
Project("{FAE04EC0-301F-11D3-BF4B-00C04F79EFBC}") = "Unity.TextMeshPro.Editor", "Unity.TextMeshPro.Editor.csproj", "{1831b465-bf3e-142a-75eb-60aa9743191b}"
EndProject
Project("{FAE04EC0-301F-11D3-BF4B-00C04F79EFBC}") = "Unity.CollabProxy.Editor", "Unity.CollabProxy.Editor.csproj", "{1105e810-5138-8196-e268-1bf88ef29e69}"
EndProject
Project("{FAE04EC0-301F-11D3-BF4B-00C04F79EFBC}") = "Unity.Rider.Editor", "Unity.Rider.Editor.csproj", "{b674ff07-13e5-281d-fdca-4cd127c531e0}"
EndProject
Project("{FAE04EC0-301F-11D3-BF4B-00C04F79EFBC}") = "Unity.SysrootPackage.Editor", "Unity.SysrootPackage.Editor.csproj", "{21dae3ce-054a-7dbb-6072-2f9edc40e8a5}"
EndProject
Project("{FAE04EC0-301F-11D3-BF4B-00C04F79EFBC}") = "Unity.VSCode.Editor", "Unity.VSCode.Editor.csproj", "{fb392eeb-df46-9640-0f97-1e1c4875ee43}"
EndProject
Project("{FAE04EC0-301F-11D3-BF4B-00C04F79EFBC}") = "Unity.Toolchain.Win-x86_64-Linux-x86_64", "Unity.Toolchain.Win-x86_64-Linux-x86_64.csproj", "{4f0fcd5a-f010-498d-7830-d621da73b2c6}"
EndProject
Project("{FAE04EC0-301F-11D3-BF4B-00C04F79EFBC}") = "Unity.Sysroot.Linux_x86_64", "Unity.Sysroot.Linux_x86_64.csproj", "{aa2d6288-6287-7402-3ce9-4d7d3a5d1bf2}"
EndProject
Global
	GlobalSection(SolutionConfigurationPlatforms) = preSolution
		Debug|Any CPU = Debug|Any CPU
	EndGlobalSection
	GlobalSection(ProjectConfigurationPlatforms) = postSolution
		{dc735783-5927-75df-9778-cfa75fd53633}.Debug|Any CPU.ActiveCfg = Debug|Any CPU
		{dc735783-5927-75df-9778-cfa75fd53633}.Debug|Any CPU.Build.0 = Debug|Any CPU
		{6b6c7766-926f-7cea-74a6-f9dccfc94f72}.Debug|Any CPU.ActiveCfg = Debug|Any CPU
		{6b6c7766-926f-7cea-74a6-f9dccfc94f72}.Debug|Any CPU.Build.0 = Debug|Any CPU
		{67abcce7-d39d-cc5d-2636-b07160763194}.Debug|Any CPU.ActiveCfg = Debug|Any CPU
		{67abcce7-d39d-cc5d-2636-b07160763194}.Debug|Any CPU.Build.0 = Debug|Any CPU
		{2f3e8d42-daa6-18c4-975c-3b46a3dc28c1}.Debug|Any CPU.ActiveCfg = Debug|Any CPU
		{2f3e8d42-daa6-18c4-975c-3b46a3dc28c1}.Debug|Any CPU.Build.0 = Debug|Any CPU
		{175cc35d-eaf7-b4db-ca9b-03bea9ef3193}.Debug|Any CPU.ActiveCfg = Debug|Any CPU
		{175cc35d-eaf7-b4db-ca9b-03bea9ef3193}.Debug|Any CPU.Build.0 = Debug|Any CPU
		{9fcc455c-faf5-9c8f-6a4b-a8007a1c466e}.Debug|Any CPU.ActiveCfg = Debug|Any CPU
		{9fcc455c-faf5-9c8f-6a4b-a8007a1c466e}.Debug|Any CPU.Build.0 = Debug|Any CPU
		{b7dde20b-354a-ec39-9d0e-775ddb37615a}.Debug|Any CPU.ActiveCfg = Debug|Any CPU
		{b7dde20b-354a-ec39-9d0e-775ddb37615a}.Debug|Any CPU.Build.0 = Debug|Any CPU
		{3302cf8e-202a-a6f6-a6c3-adb35424e9a2}.Debug|Any CPU.ActiveCfg = Debug|Any CPU
		{3302cf8e-202a-a6f6-a6c3-adb35424e9a2}.Debug|Any CPU.Build.0 = Debug|Any CPU
		{c506558c-1187-986f-45dc-9ba0e13de5d4}.Debug|Any CPU.ActiveCfg = Debug|Any CPU
		{c506558c-1187-986f-45dc-9ba0e13de5d4}.Debug|Any CPU.Build.0 = Debug|Any CPU
		{7c316e5e-5371-4abe-78e8-d3d9d56cd1bb}.Debug|Any CPU.ActiveCfg = Debug|Any CPU
		{7c316e5e-5371-4abe-78e8-d3d9d56cd1bb}.Debug|Any CPU.Build.0 = Debug|Any CPU
		{d358caad-f4de-3c59-c073-437cb5b9157a}.Debug|Any CPU.ActiveCfg = Debug|Any CPU
		{d358caad-f4de-3c59-c073-437cb5b9157a}.Debug|Any CPU.Build.0 = Debug|Any CPU
		{588a84ba-1e98-85b0-87cd-3c7215313b90}.Debug|Any CPU.ActiveCfg = Debug|Any CPU
		{588a84ba-1e98-85b0-87cd-3c7215313b90}.Debug|Any CPU.Build.0 = Debug|Any CPU
		{1831b465-bf3e-142a-75eb-60aa9743191b}.Debug|Any CPU.ActiveCfg = Debug|Any CPU
		{1831b465-bf3e-142a-75eb-60aa9743191b}.Debug|Any CPU.Build.0 = Debug|Any CPU
		{1105e810-5138-8196-e268-1bf88ef29e69}.Debug|Any CPU.ActiveCfg = Debug|Any CPU
		{1105e810-5138-8196-e268-1bf88ef29e69}.Debug|Any CPU.Build.0 = Debug|Any CPU
		{b674ff07-13e5-281d-fdca-4cd127c531e0}.Debug|Any CPU.ActiveCfg = Debug|Any CPU
		{b674ff07-13e5-281d-fdca-4cd127c531e0}.Debug|Any CPU.Build.0 = Debug|Any CPU
		{21dae3ce-054a-7dbb-6072-2f9edc40e8a5}.Debug|Any CPU.ActiveCfg = Debug|Any CPU
		{21dae3ce-054a-7dbb-6072-2f9edc40e8a5}.Debug|Any CPU.Build.0 = Debug|Any CPU
		{fb392eeb-df46-9640-0f97-1e1c4875ee43}.Debug|Any CPU.ActiveCfg = Debug|Any CPU
		{fb392eeb-df46-9640-0f97-1e1c4875ee43}.Debug|Any CPU.Build.0 = Debug|Any CPU
		{4f0fcd5a-f010-498d-7830-d621da73b2c6}.Debug|Any CPU.ActiveCfg = Debug|Any CPU
		{4f0fcd5a-f010-498d-7830-d621da73b2c6}.Debug|Any CPU.Build.0 = Debug|Any CPU
		{aa2d6288-6287-7402-3ce9-4d7d3a5d1bf2}.Debug|Any CPU.ActiveCfg = Debug|Any CPU
		{aa2d6288-6287-7402-3ce9-4d7d3a5d1bf2}.Debug|Any CPU.Build.0 = Debug|Any CPU
	EndGlobalSection
	GlobalSection(SolutionProperties) = preSolution
		HideSolutionNode = FALSE
	EndGlobalSection
EndGlobal
